// !$*UTF8*$!
{
	archiveVersion = 1;
	classes = {
	};
	objectVersion = 46;
	objects = {

/* Begin PBXBuildFile section */
		861D2AD21A92B290001F1C22 /* FacebookANE.h in CopyFiles */ = {isa = PBXBuildFile; fileRef = 861D2AD11A92B290001F1C22 /* FacebookANE.h */; };
		861D2AD41A92B290001F1C22 /* FacebookANE.m in Sources */ = {isa = PBXBuildFile; fileRef = 861D2AD31A92B290001F1C22 /* FacebookANE.m */; };
		861D2ADA1A92B290001F1C22 /* libFacebookANE.a in Frameworks */ = {isa = PBXBuildFile; fileRef = 861D2ACE1A92B290001F1C22 /* libFacebookANE.a */; };
		861D2AEB1A9431AE001F1C22 /* FBAudienceNetwork.framework in Frameworks */ = {isa = PBXBuildFile; fileRef = 861D2AEA1A9431AE001F1C22 /* FBAudienceNetwork.framework */; };
/* End PBXBuildFile section */

/* Begin PBXContainerItemProxy section */
		861D2ADB1A92B290001F1C22 /* PBXContainerItemProxy */ = {
			isa = PBXContainerItemProxy;
			containerPortal = 861D2AC61A92B290001F1C22 /* Project object */;
			proxyType = 1;
			remoteGlobalIDString = 861D2ACD1A92B290001F1C22;
			remoteInfo = FacebookANE;
		};
/* End PBXContainerItemProxy section */

/* Begin PBXCopyFilesBuildPhase section */
		861D2ACC1A92B290001F1C22 /* CopyFiles */ = {
			isa = PBXCopyFilesBuildPhase;
			buildActionMask = 2147483647;
			dstPath = "include/$(PRODUCT_NAME)";
			dstSubfolderSpec = 16;
			files = (
				861D2AD21A92B290001F1C22 /* FacebookANE.h in CopyFiles */,
			);
			runOnlyForDeploymentPostprocessing = 0;
		};
/* End PBXCopyFilesBuildPhase section */

/* Begin PBXFileReference section */
		861D2ACE1A92B290001F1C22 /* libFacebookANE.a */ = {isa = PBXFileReference; explicitFileType = archive.ar; includeInIndex = 0; path = libFacebookANE.a; sourceTree = BUILT_PRODUCTS_DIR; };
		861D2AD11A92B290001F1C22 /* FacebookANE.h */ = {isa = PBXFileReference; lastKnownFileType = sourcecode.c.h; path = FacebookANE.h; sourceTree = "<group>"; };
		861D2AD31A92B290001F1C22 /* FacebookANE.m */ = {isa = PBXFileReference; lastKnownFileType = sourcecode.c.objc; path = FacebookANE.m; sourceTree = "<group>"; };
		861D2AD91A92B290001F1C22 /* FacebookANETests.xctest */ = {isa = PBXFileReference; explicitFileType = wrapper.cfbundle; includeInIndex = 0; path = FacebookANETests.xctest; sourceTree = BUILT_PRODUCTS_DIR; };
		861D2ADF1A92B290001F1C22 /* Info.plist */ = {isa = PBXFileReference; lastKnownFileType = text.plist.xml; path = Info.plist; sourceTree = "<group>"; };
		861D2AE91A92B31B001F1C22 /* FlashRuntimeExtensions.h */ = {isa = PBXFileReference; lastKnownFileType = sourcecode.c.h; path = FlashRuntimeExtensions.h; sourceTree = "<group>"; };
		861D2AEA1A9431AE001F1C22 /* FBAudienceNetwork.framework */ = {isa = PBXFileReference; lastKnownFileType = wrapper.framework; name = FBAudienceNetwork.framework; path = ../../ios/FBAudienceNetwork.framework; sourceTree = "<group>"; };
/* End PBXFileReference section */

/* Begin PBXFrameworksBuildPhase section */
		861D2ACB1A92B290001F1C22 /* Frameworks */ = {
			isa = PBXFrameworksBuildPhase;
			buildActionMask = 2147483647;
			files = (
				861D2AEB1A9431AE001F1C22 /* FBAudienceNetwork.framework in Frameworks */,
			);
			runOnlyForDeploymentPostprocessing = 0;
		};
		861D2AD61A92B290001F1C22 /* Frameworks */ = {
			isa = PBXFrameworksBuildPhase;
			buildActionMask = 2147483647;
			files = (
				861D2ADA1A92B290001F1C22 /* libFacebookANE.a in Frameworks */,
			);
			runOnlyForDeploymentPostprocessing = 0;
		};
/* End PBXFrameworksBuildPhase section */

/* Begin PBXGroup section */
		861D2AC51A92B290001F1C22 = {
			isa = PBXGroup;
			children = (
				861D2AEA1A9431AE001F1C22 /* FBAudienceNetwork.framework */,
				861D2AE81A92B307001F1C22 /* Vendor */,
				861D2AD01A92B290001F1C22 /* FacebookANE */,
				861D2ADD1A92B290001F1C22 /* FacebookANETests */,
				861D2ACF1A92B290001F1C22 /* Products */,
			);
			sourceTree = "<group>";
		};
		861D2ACF1A92B290001F1C22 /* Products */ = {
			isa = PBXGroup;
			children = (
				861D2ACE1A92B290001F1C22 /* libFacebookANE.a */,
				861D2AD91A92B290001F1C22 /* FacebookANETests.xctest */,
			);
			name = Products;
			sourceTree = "<group>";
		};
		861D2AD01A92B290001F1C22 /* FacebookANE */ = {
			isa = PBXGroup;
			children = (
				861D2AD11A92B290001F1C22 /* FacebookANE.h */,
				861D2AD31A92B290001F1C22 /* FacebookANE.m */,
			);
			path = FacebookANE;
			sourceTree = "<group>";
		};
		861D2ADD1A92B290001F1C22 /* FacebookANETests */ = {
			isa = PBXGroup;
			children = (
				861D2ADE1A92B290001F1C22 /* Supporting Files */,
			);
			path = FacebookANETests;
			sourceTree = "<group>";
		};
		861D2ADE1A92B290001F1C22 /* Supporting Files */ = {
			isa = PBXGroup;
			children = (
				861D2ADF1A92B290001F1C22 /* Info.plist */,
			);
			name = "Supporting Files";
			sourceTree = "<group>";
		};
		861D2AE81A92B307001F1C22 /* Vendor */ = {
			isa = PBXGroup;
			children = (
				861D2AE91A92B31B001F1C22 /* FlashRuntimeExtensions.h */,
			);
			name = Vendor;
			sourceTree = "<group>";
		};
/* End PBXGroup section */

/* Begin PBXNativeTarget section */
		861D2ACD1A92B290001F1C22 /* FacebookANE */ = {
			isa = PBXNativeTarget;
			buildConfigurationList = 861D2AE21A92B290001F1C22 /* Build configuration list for PBXNativeTarget "FacebookANE" */;
			buildPhases = (
				861D2ACA1A92B290001F1C22 /* Sources */,
				861D2ACB1A92B290001F1C22 /* Frameworks */,
				861D2ACC1A92B290001F1C22 /* CopyFiles */,
			);
			buildRules = (
			);
			dependencies = (
			);
			name = FacebookANE;
			productName = FacebookANE;
			productReference = 861D2ACE1A92B290001F1C22 /* libFacebookANE.a */;
			productType = "com.apple.product-type.library.static";
		};
		861D2AD81A92B290001F1C22 /* FacebookANETests */ = {
			isa = PBXNativeTarget;
			buildConfigurationList = 861D2AE51A92B290001F1C22 /* Build configuration list for PBXNativeTarget "FacebookANETests" */;
			buildPhases = (
				861D2AD51A92B290001F1C22 /* Sources */,
				861D2AD61A92B290001F1C22 /* Frameworks */,
				861D2AD71A92B290001F1C22 /* Resources */,
			);
			buildRules = (
			);
			dependencies = (
				861D2ADC1A92B290001F1C22 /* PBXTargetDependency */,
			);
			name = FacebookANETests;
			productName = FacebookANETests;
			productReference = 861D2AD91A92B290001F1C22 /* FacebookANETests.xctest */;
			productType = "com.apple.product-type.bundle.unit-test";
		};
/* End PBXNativeTarget section */

/* Begin PBXProject section */
		861D2AC61A92B290001F1C22 /* Project object */ = {
			isa = PBXProject;
			attributes = {
				LastUpgradeCheck = 0610;
				ORGANIZATIONNAME = Heyzap;
				TargetAttributes = {
					861D2ACD1A92B290001F1C22 = {
						CreatedOnToolsVersion = 6.1.1;
					};
					861D2AD81A92B290001F1C22 = {
						CreatedOnToolsVersion = 6.1.1;
					};
				};
			};
			buildConfigurationList = 861D2AC91A92B290001F1C22 /* Build configuration list for PBXProject "FacebookANE" */;
			compatibilityVersion = "Xcode 3.2";
			developmentRegion = English;
			hasScannedForEncodings = 0;
			knownRegions = (
				en,
			);
			mainGroup = 861D2AC51A92B290001F1C22;
			productRefGroup = 861D2ACF1A92B290001F1C22 /* Products */;
			projectDirPath = "";
			projectRoot = "";
			targets = (
				861D2ACD1A92B290001F1C22 /* FacebookANE */,
				861D2AD81A92B290001F1C22 /* FacebookANETests */,
			);
		};
/* End PBXProject section */

/* Begin PBXResourcesBuildPhase section */
		861D2AD71A92B290001F1C22 /* Resources */ = {
			isa = PBXResourcesBuildPhase;
			buildActionMask = 2147483647;
			files = (
			);
			runOnlyForDeploymentPostprocessing = 0;
		};
/* End PBXResourcesBuildPhase section */

/* Begin PBXSourcesBuildPhase section */
		861D2ACA1A92B290001F1C22 /* Sources */ = {
			isa = PBXSourcesBuildPhase;
			buildActionMask = 2147483647;
			files = (
				861D2AD41A92B290001F1C22 /* FacebookANE.m in Sources */,
			);
			runOnlyForDeploymentPostprocessing = 0;
		};
		861D2AD51A92B290001F1C22 /* Sources */ = {
			isa = PBXSourcesBuildPhase;
			buildActionMask = 2147483647;
			files = (
			);
			runOnlyForDeploymentPostprocessing = 0;
		};
/* End PBXSourcesBuildPhase section */

/* Begin PBXTargetDependency section */
		861D2ADC1A92B290001F1C22 /* PBXTargetDependency */ = {
			isa = PBXTargetDependency;
			target = 861D2ACD1A92B290001F1C22 /* FacebookANE */;
			targetProxy = 861D2ADB1A92B290001F1C22 /* PBXContainerItemProxy */;
		};
/* End PBXTargetDependency section */

/* Begin XCBuildConfiguration section */
		861D2AE01A92B290001F1C22 /* Debug */ = {
			isa = XCBuildConfiguration;
			buildSettings = {
				ALWAYS_SEARCH_USER_PATHS = YES;
				CLANG_CXX_LANGUAGE_STANDARD = "gnu++0x";
				CLANG_CXX_LIBRARY = "libc++";
				CLANG_ENABLE_MODULES = YES;
				CLANG_ENABLE_OBJC_ARC = YES;
				CLANG_WARN_BOOL_CONVERSION = YES;
				CLANG_WARN_CONSTANT_CONVERSION = YES;
				CLANG_WARN_DIRECT_OBJC_ISA_USAGE = YES_ERROR;
				CLANG_WARN_EMPTY_BODY = YES;
				CLANG_WARN_ENUM_CONVERSION = YES;
				CLANG_WARN_INT_CONVERSION = YES;
				CLANG_WARN_OBJC_ROOT_CLASS = YES_ERROR;
				CLANG_WARN_UNREACHABLE_CODE = YES;
				CLANG_WARN__DUPLICATE_METHOD_MATCH = YES;
				COPY_PHASE_STRIP = NO;
				ENABLE_STRICT_OBJC_MSGSEND = YES;
				GCC_C_LANGUAGE_STANDARD = gnu99;
				GCC_DYNAMIC_NO_PIC = NO;
				GCC_OPTIMIZATION_LEVEL = 0;
				GCC_PREPROCESSOR_DEFINITIONS = (
					"DEBUG=1",
					"$(inherited)",
				);
				GCC_SYMBOLS_PRIVATE_EXTERN = NO;
				GCC_WARN_64_TO_32_BIT_CONVERSION = YES;
				GCC_WARN_ABOUT_RETURN_TYPE = YES_ERROR;
				GCC_WARN_UNDECLARED_SELECTOR = YES;
				GCC_WARN_UNINITIALIZED_AUTOS = YES_AGGRESSIVE;
				GCC_WARN_UNUSED_FUNCTION = YES;
				GCC_WARN_UNUSED_VARIABLE = YES;
				IPHONEOS_DEPLOYMENT_TARGET = 8.1;
				MTL_ENABLE_DEBUG_INFO = YES;
				ONLY_ACTIVE_ARCH = YES;
				SDKROOT = iphoneos;
			};
			name = Debug;
		};
		861D2AE11A92B290001F1C22 /* Release */ = {
			isa = XCBuildConfiguration;
			buildSettings = {
				ALWAYS_SEARCH_USER_PATHS = YES;
				CLANG_CXX_LANGUAGE_STANDARD = "gnu++0x";
				CLANG_CXX_LIBRARY = "libc++";
				CLANG_ENABLE_MODULES = YES;
				CLANG_ENABLE_OBJC_ARC = YES;
				CLANG_WARN_BOOL_CONVERSION = YES;
				CLANG_WARN_CONSTANT_CONVERSION = YES;
				CLANG_WARN_DIRECT_OBJC_ISA_USAGE = YES_ERROR;
				CLANG_WARN_EMPTY_BODY = YES;
				CLANG_WARN_ENUM_CONVERSION = YES;
				CLANG_WARN_INT_CONVERSION = YES;
				CLANG_WARN_OBJC_ROOT_CLASS = YES_ERROR;
				CLANG_WARN_UNREACHABLE_CODE = YES;
				CLANG_WARN__DUPLICATE_METHOD_MATCH = YES;
				COPY_PHASE_STRIP = YES;
				ENABLE_NS_ASSERTIONS = NO;
				ENABLE_STRICT_OBJC_MSGSEND = YES;
				GCC_C_LANGUAGE_STANDARD = gnu99;
				GCC_WARN_64_TO_32_BIT_CONVERSION = YES;
				GCC_WARN_ABOUT_RETURN_TYPE = YES_ERROR;
				GCC_WARN_UNDECLARED_SELECTOR = YES;
				GCC_WARN_UNINITIALIZED_AUTOS = YES_AGGRESSIVE;
				GCC_WARN_UNUSED_FUNCTION = YES;
				GCC_WARN_UNUSED_VARIABLE = YES;
				IPHONEOS_DEPLOYMENT_TARGET = 8.1;
				MTL_ENABLE_DEBUG_INFO = NO;
				SDKROOT = iphoneos;
				VALIDATE_PRODUCT = YES;
			};
			name = Release;
		};
		861D2AE31A92B290001F1C22 /* Debug */ = {
			isa = XCBuildConfiguration;
			buildSettings = {
				FRAMEWORK_SEARCH_PATHS = (
					"$(inherited)",
					"/Users/drhodes/Projects/facebook-ane/ios",
				);
				OTHER_LDFLAGS = (
					"-ObjC",
					"-all_load",
				);
				PRODUCT_NAME = "$(TARGET_NAME)";
				SKIP_INSTALL = YES;
			};
			name = Debug;
		};
		861D2AE41A92B290001F1C22 /* Release */ = {
			isa = XCBuildConfiguration;
			buildSettings = {
				FRAMEWORK_SEARCH_PATHS = (
					"$(inherited)",
					"/Users/drhodes/Projects/facebook-ane/ios",
				);
				OTHER_LDFLAGS = (
					"-ObjC",
					"-all_load",
				);
				PRODUCT_NAME = "$(TARGET_NAME)";
				SKIP_INSTALL = YES;
			};
			name = Release;
		};
		861D2AE61A92B290001F1C22 /* Debug */ = {
			isa = XCBuildConfiguration;
			buildSettings = {
				FRAMEWORK_SEARCH_PATHS = (
					"$(SDKROOT)/Developer/Library/Frameworks",
					"$(inherited)",
				);
				GCC_PREPROCESSOR_DEFINITIONS = (
					"DEBUG=1",
					"$(inherited)",
				);
				INFOPLIST_FILE = FacebookANETests/Info.plist;
				LD_RUNPATH_SEARCH_PATHS = "$(inherited) @executable_path/Frameworks @loader_path/Frameworks";
				PRODUCT_NAME = "$(TARGET_NAME)";
			};
			name = Debug;
		};
		861D2AE71A92B290001F1C22 /* Release */ = {
			isa = XCBuildConfiguration;
			buildSettings = {
				FRAMEWORK_SEARCH_PATHS = (
					"$(SDKROOT)/Developer/Library/Frameworks",
					"$(inherited)",
				);
				INFOPLIST_FILE = FacebookANETests/Info.plist;
				LD_RUNPATH_SEARCH_PATHS = "$(inherited) @executable_path/Frameworks @loader_path/Frameworks";
				PRODUCT_NAME = "$(TARGET_NAME)";
			};
			name = Release;
		};
/* End XCBuildConfiguration section */

/* Begin XCConfigurationList section */
		861D2AC91A92B290001F1C22 /* Build configuration list for PBXProject "FacebookANE" */ = {
			isa = XCConfigurationList;
			buildConfigurations = (
				861D2AE01A92B290001F1C22 /* Debug */,
				861D2AE11A92B290001F1C22 /* Release */,
			);
			defaultConfigurationIsVisible = 0;
			defaultConfigurationName = Release;
		};
		861D2AE21A92B290001F1C22 /* Build configuration list for PBXNativeTarget "FacebookANE" */ = {
			isa = XCConfigurationList;
			buildConfigurations = (
				861D2AE31A92B290001F1C22 /* Debug */,
				861D2AE41A92B290001F1C22 /* Release */,
			);
			defaultConfigurationIsVisible = 0;
		};
		861D2AE51A92B290001F1C22 /* Build configuration list for PBXNativeTarget "FacebookANETests" */ = {
			isa = XCConfigurationList;
			buildConfigurations = (
				861D2AE61A92B290001F1C22 /* Debug */,
				861D2AE71A92B290001F1C22 /* Release */,
			);
			defaultConfigurationIsVisible = 0;
		};
/* End XCConfigurationList section */
	};
	rootObject = 861D2AC61A92B290001F1C22 /* Project object */;
}
